<?xml version="1.0" encoding="utf-8"?>
<Project ToolsVersion="4.0" xmlns="http://schemas.microsoft.com/developer/msbuild/2003">
  <ItemGroup>
    <Filter Include="Source Files">
      <UniqueIdentifier>{4FC737F1-C7A5-4376-A066-2A32D752A2FF}</UniqueIdentifier>
      <Extensions>cpp;c;cc;cxx;def;odl;idl;hpj;bat;asm;asmx</Extensions>
    </Filter>
    <Filter Include="Header Files">
      <UniqueIdentifier>{93995380-89BD-4b04-88EB-625FBE52EBFB}</UniqueIdentifier>
      <Extensions>h;hpp;hxx;hm;inl;inc;xsd</Extensions>
    </Filter>
    <Filter Include="Resource Files">
      <UniqueIdentifier>{67DA6AB6-F800-4c08-8B7A-83BB121AAD01}</UniqueIdentifier>
      <Extensions>rc;ico;cur;bmp;dlg;rc2;rct;bin;rgs;gif;jpg;jpeg;jpe;resx;tiff;tif;png;wav;mfcribbon-ms</Extensions>
    </Filter>
    <Filter Include="Source Files\engine">
      <UniqueIdentifier>{1dfe895a-65e0-497a-931c-af0e8cb0869c}</UniqueIdentifier>
    </Filter>
    <Filter Include="Source Files\gui">
      <UniqueIdentifier>{6b2fa865-2d6e-4524-a8d2-6d3776717a0d}</UniqueIdentifier>
    </Filter>
    <Filter Include="Header Files\engine">
      <UniqueIdentifier>{7edfe245-8a3b-4274-a743-5fb742c19198}</UniqueIdentifier>
    </Filter>
    <Filter Include="Header Files\gui">
      <UniqueIdentifier>{223cc06c-3d54-47c1-acba-485745801b40}</UniqueIdentifier>
    </Filter>
  </ItemGroup>
  <ItemGroup>
    <ClCompile Include="src\block.cpp">
      <Filter>Source Files</Filter>
    </ClCompile>
    <ClCompile Include="src\control.cpp">
      <Filter>Source Files</Filter>
    </ClCompile>
    <ClCompile Include="src\explosion.cpp">
      <Filter>Source Files</Filter>
    </ClCompile>
    <ClCompile Include="src\field.cpp">
      <Filter>Source Files</Filter>
    </ClCompile>
    <ClCompile Include="src\game.cpp">
      <Filter>Source Files</Filter>
    </ClCompile>
    <ClCompile Include="src\gameoverscreen.cpp">
      <Filter>Source Files</Filter>
    </ClCompile>
    <ClCompile Include="src\highscore.cpp">
      <Filter>Source Files</Filter>
    </ClCompile>
    <ClCompile Include="src\intro.cpp">
      <Filter>Source Files</Filter>
    </ClCompile>
    <ClCompile Include="src\lobby.cpp">
      <Filter>Source Files</Filter>
    </ClCompile>
    <ClCompile Include="src\login.cpp">
      <Filter>Source Files</Filter>
    </ClCompile>
    <ClCompile Include="src\main.cpp">
      <Filter>Source Files</Filter>
    </ClCompile>
    <ClCompile Include="src\menu.cpp">
      <Filter>Source Files</Filter>
    </ClCompile>
    <ClCompile Include="src\multiplayermenu.cpp">
      <Filter>Source Files</Filter>
    </ClCompile>
    <ClCompile Include="src\optionsmenu.cpp">
      <Filter>Source Files</Filter>
    </ClCompile>
    <ClCompile Include="src\pausemenu.cpp">
      <Filter>Source Files</Filter>
    </ClCompile>
    <ClCompile Include="src\replaycontrol.cpp">
      <Filter>Source Files</Filter>
    </ClCompile>
    <ClCompile Include="src\replayplayer.cpp">
      <Filter>Source Files</Filter>
    </ClCompile>
    <ClCompile Include="src\replayrecorder.cpp">
      <Filter>Source Files</Filter>
    </ClCompile>
    <ClCompile Include="src\tetromino.cpp">
      <Filter>Source Files</Filter>
    </ClCompile>
    <ClCompile Include="src\engine\fade.cpp">
      <Filter>Source Files\engine</Filter>
    </ClCompile>
    <ClCompile Include="src\engine\options.cpp">
      <Filter>Source Files\engine</Filter>
    </ClCompile>
    <ClCompile Include="src\engine\paths.cpp">
      <Filter>Source Files\engine</Filter>
    </ClCompile>
    <ClCompile Include="src\engine\procedure.cpp">
      <Filter>Source Files\engine</Filter>
    </ClCompile>
    <ClCompile Include="src\engine\screen.cpp">
      <Filter>Source Files\engine</Filter>
    </ClCompile>
    <ClCompile Include="src\engine\socket.cpp">
      <Filter>Source Files\engine</Filter>
    </ClCompile>
    <ClCompile Include="src\engine\work.cpp">
      <Filter>Source Files\engine</Filter>
    </ClCompile>
    <ClCompile Include="src\gui\button.cpp">
      <Filter>Source Files\gui</Filter>
    </ClCompile>
    <ClCompile Include="src\gui\buttonbox.cpp">
      <Filter>Source Files\gui</Filter>
    </ClCompile>
    <ClCompile Include="src\gui\chooser.cpp">
      <Filter>Source Files\gui</Filter>
    </ClCompile>
    <ClCompile Include="src\gui\input.cpp">
      <Filter>Source Files\gui</Filter>
    </ClCompile>
    <ClCompile Include="src\gui\widget.cpp">
      <Filter>Source Files\gui</Filter>
    </ClCompile>
    <ClCompile Include="src\engine\vector2d.cpp">
      <Filter>Source Files\engine</Filter>
    </ClCompile>
    <ClCompile Include="src\shadow.cpp">
      <Filter>Source Files</Filter>
    </ClCompile>
    <ClCompile Include="src\engine\resizegraphics.cpp">
      <Filter>Source Files\engine</Filter>
    </ClCompile>
    <ClCompile Include="src\engine\debugoverlay.cpp">
      <Filter>Source Files\engine</Filter>
    </ClCompile>
    <ClCompile Include="src\splitscreen.cpp">
      <Filter>Source Files</Filter>
    </ClCompile>
    <ClCompile Include="$(MSBuildThisFileDirectory)..\..\lib\native\src\gregorian\boost_date_time.gregorian.date_generators.cpp">
      <Filter>Source Files</Filter>
    </ClCompile>
    <ClCompile Include="$(MSBuildThisFileDirectory)..\..\lib\native\src\gregorian\boost_date_time.gregorian.gregorian_types.cpp">
      <Filter>Source Files</Filter>
    </ClCompile>
    <ClCompile Include="$(MSBuildThisFileDirectory)..\..\lib\native\src\gregorian\boost_date_time.gregorian.greg_month.cpp">
      <Filter>Source Files</Filter>
    </ClCompile>
    <ClCompile Include="$(MSBuildThisFileDirectory)..\..\lib\native\src\gregorian\boost_date_time.gregorian.greg_weekday.cpp">
      <Filter>Source Files</Filter>
    </ClCompile>
    <ClCompile Include="$(MSBuildThisFileDirectory)..\..\lib\native\src\posix_time\boost_date_time.posix_time.posix_time_types.cpp">
      <Filter>Source Files</Filter>
    </ClCompile>
    <ClCompile Include="$(MSBuildThisFileDirectory)..\..\lib\native\src\boost_filesystem.codecvt_error_category.cpp">
      <Filter>Source Files</Filter>
    </ClCompile>
    <ClCompile Include="$(MSBuildThisFileDirectory)..\..\lib\native\src\boost_filesystem.operations.cpp">
      <Filter>Source Files</Filter>
    </ClCompile>
    <ClCompile Include="$(MSBuildThisFileDirectory)..\..\lib\native\src\boost_filesystem.path.cpp">
      <Filter>Source Files</Filter>
    </ClCompile>
    <ClCompile Include="$(MSBuildThisFileDirectory)..\..\lib\native\src\boost_filesystem.path_traits.cpp">
      <Filter>Source Files</Filter>
    </ClCompile>
    <ClCompile Include="$(MSBuildThisFileDirectory)..\..\lib\native\src\boost_filesystem.portability.cpp">
      <Filter>Source Files</Filter>
    </ClCompile>
    <ClCompile Include="$(MSBuildThisFileDirectory)..\..\lib\native\src\boost_filesystem.unique_path.cpp">
      <Filter>Source Files</Filter>
    </ClCompile>
    <ClCompile Include="$(MSBuildThisFileDirectory)..\..\lib\native\src\boost_filesystem.utf8_codecvt_facet.cpp">
      <Filter>Source Files</Filter>
    </ClCompile>
    <ClCompile Include="$(MSBuildThisFileDirectory)..\..\lib\native\src\boost_filesystem.windows_file_codecvt.cpp">
      <Filter>Source Files</Filter>
    </ClCompile>
    <ClCompile Include="$(MSBuildThisFileDirectory)..\..\lib\native\src\boost_regex.cpp_regex_traits.cpp">
      <Filter>Source Files</Filter>
    </ClCompile>
    <ClCompile Include="$(MSBuildThisFileDirectory)..\..\lib\native\src\boost_regex.cregex.cpp">
      <Filter>Source Files</Filter>
    </ClCompile>
    <ClCompile Include="$(MSBuildThisFileDirectory)..\..\lib\native\src\boost_regex.c_regex_traits.cpp">
      <Filter>Source Files</Filter>
    </ClCompile>
    <ClCompile Include="$(MSBuildThisFileDirectory)..\..\lib\native\src\boost_regex.fileiter.cpp">
      <Filter>Source Files</Filter>
    </ClCompile>
    <ClCompile Include="$(MSBuildThisFileDirectory)..\..\lib\native\src\boost_regex.icu.cpp">
      <Filter>Source Files</Filter>
    </ClCompile>
    <ClCompile Include="$(MSBuildThisFileDirectory)..\..\lib\native\src\boost_regex.instances.cpp">
      <Filter>Source Files</Filter>
    </ClCompile>
    <ClCompile Include="$(MSBuildThisFileDirectory)..\..\lib\native\src\boost_regex.posix_api.cpp">
      <Filter>Source Files</Filter>
    </ClCompile>
    <ClCompile Include="$(MSBuildThisFileDirectory)..\..\lib\native\src\boost_regex.regex.cpp">
      <Filter>Source Files</Filter>
    </ClCompile>
    <ClCompile Include="$(MSBuildThisFileDirectory)..\..\lib\native\src\boost_regex.regex_debug.cpp">
      <Filter>Source Files</Filter>
    </ClCompile>
    <ClCompile Include="$(MSBuildThisFileDirectory)..\..\lib\native\src\boost_regex.regex_raw_buffer.cpp">
      <Filter>Source Files</Filter>
    </ClCompile>
    <ClCompile Include="$(MSBuildThisFileDirectory)..\..\lib\native\src\boost_regex.regex_traits_defaults.cpp">
      <Filter>Source Files</Filter>
    </ClCompile>
    <ClCompile Include="$(MSBuildThisFileDirectory)..\..\lib\native\src\boost_regex.static_mutex.cpp">
      <Filter>Source Files</Filter>
    </ClCompile>
    <ClCompile Include="$(MSBuildThisFileDirectory)..\..\lib\native\src\boost_regex.usinstances.cpp">
      <Filter>Source Files</Filter>
    </ClCompile>
    <ClCompile Include="$(MSBuildThisFileDirectory)..\..\lib\native\src\boost_regex.w32_regex_traits.cpp">
      <Filter>Source Files</Filter>
    </ClCompile>
    <ClCompile Include="$(MSBuildThisFileDirectory)..\..\lib\native\src\boost_regex.wc_regex_traits.cpp">
      <Filter>Source Files</Filter>
    </ClCompile>
    <ClCompile Include="$(MSBuildThisFileDirectory)..\..\lib\native\src\boost_regex.wide_posix_api.cpp">
      <Filter>Source Files</Filter>
    </ClCompile>
    <ClCompile Include="$(MSBuildThisFileDirectory)..\..\lib\native\src\boost_regex.winstances.cpp">
      <Filter>Source Files</Filter>
    </ClCompile>
    <ClCompile Include="$(MSBuildThisFileDirectory)..\..\lib\native\src\boost_serialization.archive_exception.cpp">
      <Filter>Source Files</Filter>
    </ClCompile>
    <ClCompile Include="$(MSBuildThisFileDirectory)..\..\lib\native\src\boost_serialization.basic_archive.cpp">
      <Filter>Source Files</Filter>
    </ClCompile>
    <ClCompile Include="$(MSBuildThisFileDirectory)..\..\lib\native\src\boost_serialization.basic_iarchive.cpp">
      <Filter>Source Files</Filter>
    </ClCompile>
    <ClCompile Include="$(MSBuildThisFileDirectory)..\..\lib\native\src\boost_serialization.basic_iserializer.cpp">
      <Filter>Source Files</Filter>
    </ClCompile>
    <ClCompile Include="$(MSBuildThisFileDirectory)..\..\lib\native\src\boost_serialization.basic_oarchive.cpp">
      <Filter>Source Files</Filter>
    </ClCompile>
    <ClCompile Include="$(MSBuildThisFileDirectory)..\..\lib\native\src\boost_serialization.basic_oserializer.cpp">
      <Filter>Source Files</Filter>
    </ClCompile>
    <ClCompile Include="$(MSBuildThisFileDirectory)..\..\lib\native\src\boost_serialization.basic_pointer_iserializer.cpp">
      <Filter>Source Files</Filter>
    </ClCompile>
    <ClCompile Include="$(MSBuildThisFileDirectory)..\..\lib\native\src\boost_serialization.basic_pointer_oserializer.cpp">
      <Filter>Source Files</Filter>
    </ClCompile>
    <ClCompile Include="$(MSBuildThisFileDirectory)..\..\lib\native\src\boost_serialization.basic_serializer_map.cpp">
      <Filter>Source Files</Filter>
    </ClCompile>
    <ClCompile Include="$(MSBuildThisFileDirectory)..\..\lib\native\src\boost_serialization.basic_text_iprimitive.cpp">
      <Filter>Source Files</Filter>
    </ClCompile>
    <ClCompile Include="$(MSBuildThisFileDirectory)..\..\lib\native\src\boost_serialization.basic_text_oprimitive.cpp">
      <Filter>Source Files</Filter>
    </ClCompile>
    <ClCompile Include="$(MSBuildThisFileDirectory)..\..\lib\native\src\boost_serialization.basic_text_wiprimitive.cpp">
      <Filter>Source Files</Filter>
    </ClCompile>
    <ClCompile Include="$(MSBuildThisFileDirectory)..\..\lib\native\src\boost_serialization.basic_text_woprimitive.cpp">
      <Filter>Source Files</Filter>
    </ClCompile>
    <ClCompile Include="$(MSBuildThisFileDirectory)..\..\lib\native\src\boost_serialization.basic_xml_archive.cpp">
      <Filter>Source Files</Filter>
    </ClCompile>
    <ClCompile Include="$(MSBuildThisFileDirectory)..\..\lib\native\src\boost_serialization.binary_iarchive.cpp">
      <Filter>Source Files</Filter>
    </ClCompile>
    <ClCompile Include="$(MSBuildThisFileDirectory)..\..\lib\native\src\boost_serialization.binary_oarchive.cpp">
      <Filter>Source Files</Filter>
    </ClCompile>
    <ClCompile Include="$(MSBuildThisFileDirectory)..\..\lib\native\src\boost_serialization.binary_wiarchive.cpp">
      <Filter>Source Files</Filter>
    </ClCompile>
    <ClCompile Include="$(MSBuildThisFileDirectory)..\..\lib\native\src\boost_serialization.binary_woarchive.cpp">
      <Filter>Source Files</Filter>
    </ClCompile>
    <ClCompile Include="$(MSBuildThisFileDirectory)..\..\lib\native\src\boost_serialization.codecvt_null.cpp">
      <Filter>Source Files</Filter>
    </ClCompile>
    <ClCompile Include="$(MSBuildThisFileDirectory)..\..\lib\native\src\boost_serialization.extended_type_info.cpp">
      <Filter>Source Files</Filter>
    </ClCompile>
    <ClCompile Include="$(MSBuildThisFileDirectory)..\..\lib\native\src\boost_serialization.extended_type_info_no_rtti.cpp">
      <Filter>Source Files</Filter>
    </ClCompile>
    <ClCompile Include="$(MSBuildThisFileDirectory)..\..\lib\native\src\boost_serialization.extended_type_info_typeid.cpp">
      <Filter>Source Files</Filter>
    </ClCompile>
    <ClCompile Include="$(MSBuildThisFileDirectory)..\..\lib\native\src\boost_serialization.polymorphic_iarchive.cpp">
      <Filter>Source Files</Filter>
    </ClCompile>
    <ClCompile Include="$(MSBuildThisFileDirectory)..\..\lib\native\src\boost_serialization.polymorphic_oarchive.cpp">
      <Filter>Source Files</Filter>
    </ClCompile>
    <ClCompile Include="$(MSBuildThisFileDirectory)..\..\lib\native\src\boost_serialization.stl_port.cpp">
      <Filter>Source Files</Filter>
    </ClCompile>
    <ClCompile Include="$(MSBuildThisFileDirectory)..\..\lib\native\src\boost_serialization.text_iarchive.cpp">
      <Filter>Source Files</Filter>
    </ClCompile>
    <ClCompile Include="$(MSBuildThisFileDirectory)..\..\lib\native\src\boost_serialization.text_oarchive.cpp">
      <Filter>Source Files</Filter>
    </ClCompile>
    <ClCompile Include="$(MSBuildThisFileDirectory)..\..\lib\native\src\boost_serialization.text_wiarchive.cpp">
      <Filter>Source Files</Filter>
    </ClCompile>
    <ClCompile Include="$(MSBuildThisFileDirectory)..\..\lib\native\src\boost_serialization.text_woarchive.cpp">
      <Filter>Source Files</Filter>
    </ClCompile>
    <ClCompile Include="$(MSBuildThisFileDirectory)..\..\lib\native\src\boost_serialization.utf8_codecvt_facet.cpp">
      <Filter>Source Files</Filter>
    </ClCompile>
    <ClCompile Include="$(MSBuildThisFileDirectory)..\..\lib\native\src\boost_serialization.void_cast.cpp">
      <Filter>Source Files</Filter>
    </ClCompile>
    <ClCompile Include="$(MSBuildThisFileDirectory)..\..\lib\native\src\boost_serialization.xml_archive_exception.cpp">
      <Filter>Source Files</Filter>
    </ClCompile>
    <ClCompile Include="$(MSBuildThisFileDirectory)..\..\lib\native\src\boost_serialization.xml_grammar.cpp">
      <Filter>Source Files</Filter>
    </ClCompile>
    <ClCompile Include="$(MSBuildThisFileDirectory)..\..\lib\native\src\boost_serialization.xml_iarchive.cpp">
      <Filter>Source Files</Filter>
    </ClCompile>
    <ClCompile Include="$(MSBuildThisFileDirectory)..\..\lib\native\src\boost_serialization.xml_oarchive.cpp">
      <Filter>Source Files</Filter>
    </ClCompile>
    <ClCompile Include="$(MSBuildThisFileDirectory)..\..\lib\native\src\boost_serialization.xml_wgrammar.cpp">
      <Filter>Source Files</Filter>
    </ClCompile>
    <ClCompile Include="$(MSBuildThisFileDirectory)..\..\lib\native\src\boost_serialization.xml_wiarchive.cpp">
      <Filter>Source Files</Filter>
    </ClCompile>
    <ClCompile Include="$(MSBuildThisFileDirectory)..\..\lib\native\src\boost_serialization.xml_woarchive.cpp">
      <Filter>Source Files</Filter>
    </ClCompile>
    <ClCompile Include="$(MSBuildThisFileDirectory)..\..\lib\native\src\boost_system.error_code.cpp">
      <Filter>Source Files</Filter>
    </ClCompile>
  </ItemGroup>
  <ItemGroup>
    <ClInclude Include="src\engine\work.hpp">
      <Filter>Source Files\engine</Filter>
    </ClInclude>
    <ClInclude Include="src\block.hpp">
      <Filter>Header Files</Filter>
    </ClInclude>
    <ClInclude Include="src\constants.hpp">
      <Filter>Header Files</Filter>
    </ClInclude>
    <ClInclude Include="src\control.hpp">
      <Filter>Header Files</Filter>
    </ClInclude>
    <ClInclude Include="src\explosion.hpp">
      <Filter>Header Files</Filter>
    </ClInclude>
    <ClInclude Include="src\field.hpp">
      <Filter>Header Files</Filter>
    </ClInclude>
    <ClInclude Include="src\game.hpp">
      <Filter>Header Files</Filter>
    </ClInclude>
    <ClInclude Include="src\gameoverscreen.hpp">
      <Filter>Header Files</Filter>
    </ClInclude>
    <ClInclude Include="src\gametype.hpp">
      <Filter>Header Files</Filter>
    </ClInclude>
    <ClInclude Include="src\highscore.hpp">
      <Filter>Header Files</Filter>
    </ClInclude>
    <ClInclude Include="src\intro.hpp">
      <Filter>Header Files</Filter>
    </ClInclude>
    <ClInclude Include="src\lobby.hpp">
      <Filter>Header Files</Filter>
    </ClInclude>
    <ClInclude Include="src\login.hpp">
      <Filter>Header Files</Filter>
    </ClInclude>
    <ClInclude Include="src\menu.hpp">
      <Filter>Header Files</Filter>
    </ClInclude>
    <ClInclude Include="src\multiplayermenu.hpp">
      <Filter>Header Files</Filter>
    </ClInclude>
    <ClInclude Include="src\optionsmenu.hpp">
      <Filter>Header Files</Filter>
    </ClInclude>
    <ClInclude Include="src\pausemenu.hpp">
      <Filter>Header Files</Filter>
    </ClInclude>
    <ClInclude Include="src\replaycontrol.hpp">
      <Filter>Header Files</Filter>
    </ClInclude>
    <ClInclude Include="src\replayplayer.hpp">
      <Filter>Header Files</Filter>
    </ClInclude>
    <ClInclude Include="src\replayrecorder.hpp">
      <Filter>Header Files</Filter>
    </ClInclude>
    <ClInclude Include="src\tetromino.hpp">
      <Filter>Header Files</Filter>
    </ClInclude>
    <ClInclude Include="src\engine\procedure.hpp">
      <Filter>Header Files\engine</Filter>
    </ClInclude>
    <ClInclude Include="src\engine\vector2d.hpp">
      <Filter>Header Files\engine</Filter>
    </ClInclude>
    <ClInclude Include="src\engine\paths.hpp">
      <Filter>Header Files\engine</Filter>
    </ClInclude>
    <ClInclude Include="src\engine\options.hpp">
      <Filter>Header Files\engine</Filter>
    </ClInclude>
    <ClInclude Include="src\engine\fade.hpp">
      <Filter>Header Files\engine</Filter>
    </ClInclude>
    <ClInclude Include="src\engine\random.hpp">
      <Filter>Header Files\engine</Filter>
    </ClInclude>
    <ClInclude Include="src\engine\screen.hpp">
      <Filter>Header Files\engine</Filter>
    </ClInclude>
    <ClInclude Include="src\engine\singleton.hpp">
      <Filter>Header Files\engine</Filter>
    </ClInclude>
    <ClInclude Include="src\engine\socket.hpp">
      <Filter>Header Files\engine</Filter>
    </ClInclude>
    <ClInclude Include="src\gui\button.hpp">
      <Filter>Header Files\gui</Filter>
    </ClInclude>
    <ClInclude Include="src\gui\buttonbox.hpp">
      <Filter>Header Files\gui</Filter>
    </ClInclude>
    <ClInclude Include="src\gui\chooser.hpp">
      <Filter>Header Files\gui</Filter>
    </ClInclude>
    <ClInclude Include="src\gui\input.hpp">
      <Filter>Header Files\gui</Filter>
    </ClInclude>
    <ClInclude Include="src\gui\widget.hpp">
      <Filter>Header Files\gui</Filter>
    </ClInclude>
    <ClInclude Include="src\shadow.hpp">
      <Filter>Header Files</Filter>
    </ClInclude>
    <ClInclude Include="src\engine\resizegraphics.hpp">
      <Filter>Header Files\engine</Filter>
    </ClInclude>
    <ClInclude Include="src\splitscreen.hpp">
      <Filter>Header Files</Filter>
    </ClInclude>
  </ItemGroup>
  <ItemGroup>
    <ResourceCompile Include="src\icon.rc">
      <Filter>Resource Files</Filter>
    </ResourceCompile>
  </ItemGroup>
  <ItemGroup>
    <None Include="packages.config" />
  </ItemGroup>
</Project>